
Microsoft Visual Studio Solution File, Format Version 12.00
# Visual Studio Version 16
VisualStudioVersion = 16.0.29728.190
MinimumVisualStudioVersion = 10.0.40219.1
Project("{8BC9CEB8-8B4A-11D0-8D11-00A0C91BC942}") = "PA 5", "PA 5\PA 5.vcxproj", "{D7AEF5BB-1BFE-466C-82D3-31A2CC9D2A3E}"
EndProject
Global
	GlobalSection(SolutionConfigurationPlatforms) = preSolution
		Debug|x64 = Debug|x64
		Debug|x86 = Debug|x86
		Release|x64 = Release|x64
		Release|x86 = Release|x86
	EndGlobalSection
	GlobalSection(ProjectConfigurationPlatforms) = postSolution
		{D7AEF5BB-1BFE-466C-82D3-31A2CC9D2A3E}.Debug|x64.ActiveCfg = Debug|x64
		{D7AEF5BB-1BFE-466C-82D3-31A2CC9D2A3E}.Debug|x64.Build.0 = Debug|x64
		{D7AEF5BB-1BFE-466C-82D3-31A2CC9D2A3E}.Debug|x86.ActiveCfg = Debug|Win32
		{D7AEF5BB-1BFE-466C-82D3-31A2CC9D2A3E}.Debug|x86.Build.0 = Debug|Win32
		{D7AEF5BB-1BFE-466C-82D3-31A2CC9D2A3E}.Release|x64.ActiveCfg = Release|x64
		{D7AEF5BB-1BFE-466C-82D3-31A2CC9D2A3E}.Release|x64.Build.0 = Release|x64
		{D7AEF5BB-1BFE-466C-82D3-31A2CC9D2A3E}.Release|x86.ActiveCfg = Release|Win32
		{D7AEF5BB-1BFE-466C-82D3-31A2CC9D2A3E}.Release|x86.Build.0 = Release|Win32
	EndGlobalSection
	GlobalSection(SolutionProperties) = preSolution
		HideSolutionNode = FALSE
	EndGlobalSection
	GlobalSection(ExtensibilityGlobals) = postSolution
		SolutionGuid = {8033DBE0-B5AF-41B9-A1FE-F079B2659FFB}
	EndGlobalSection
EndGlobal
